
Microsoft Visual Studio Solution File, Format Version 12.00
# Visual Studio 15
VisualStudioVersion = 15.0.26430.13
MinimumVisualStudioVersion = 10.0.40219.1
Project("{FAE04EC0-301F-11D3-BF4B-00C04F79EFBC}") = "Model", "Model\Model.csproj", "{69206904-3548-4445-95F6-5F724F498233}"
EndProject
Project("{FAE04EC0-301F-11D3-BF4B-00C04F79EFBC}") = "DAL", "DAL\DAL.csproj", "{AA204E25-54DB-4C27-9187-688428CC8DB6}"
EndProject
Project("{FAE04EC0-301F-11D3-BF4B-00C04F79EFBC}") = "BLL", "BLL\BLL.csproj", "{4CC700EC-D270-4DED-8D42-B37949B8FAB6}"
EndProject
Project("{FAE04EC0-301F-11D3-BF4B-00C04F79EFBC}") = "WebApp", "WebApp\WebApp.csproj", "{E854D663-1733-431E-8EE8-C3F7C4E5ABA9}"
EndProject
Global
	GlobalSection(SolutionConfigurationPlatforms) = preSolution
		Debug|Any CPU = Debug|Any CPU
		Release|Any CPU = Release|Any CPU
	EndGlobalSection
	GlobalSection(ProjectConfigurationPlatforms) = postSolution
		{69206904-3548-4445-95F6-5F724F498233}.Debug|Any CPU.ActiveCfg = Debug|Any CPU
		{69206904-3548-4445-95F6-5F724F498233}.Debug|Any CPU.Build.0 = Debug|Any CPU
		{69206904-3548-4445-95F6-5F724F498233}.Release|Any CPU.ActiveCfg = Release|Any CPU
		{69206904-3548-4445-95F6-5F724F498233}.Release|Any CPU.Build.0 = Release|Any CPU
		{AA204E25-54DB-4C27-9187-688428CC8DB6}.Debug|Any CPU.ActiveCfg = Debug|Any CPU
		{AA204E25-54DB-4C27-9187-688428CC8DB6}.Debug|Any CPU.Build.0 = Debug|Any CPU
		{AA204E25-54DB-4C27-9187-688428CC8DB6}.Release|Any CPU.ActiveCfg = Release|Any CPU
		{AA204E25-54DB-4C27-9187-688428CC8DB6}.Release|Any CPU.Build.0 = Release|Any CPU
		{4CC700EC-D270-4DED-8D42-B37949B8FAB6}.Debug|Any CPU.ActiveCfg = Debug|Any CPU
		{4CC700EC-D270-4DED-8D42-B37949B8FAB6}.Debug|Any CPU.Build.0 = Debug|Any CPU
		{4CC700EC-D270-4DED-8D42-B37949B8FAB6}.Release|Any CPU.ActiveCfg = Release|Any CPU
		{4CC700EC-D270-4DED-8D42-B37949B8FAB6}.Release|Any CPU.Build.0 = Release|Any CPU
		{E854D663-1733-431E-8EE8-C3F7C4E5ABA9}.Debug|Any CPU.ActiveCfg = Debug|Any CPU
		{E854D663-1733-431E-8EE8-C3F7C4E5ABA9}.Debug|Any CPU.Build.0 = Debug|Any CPU
		{E854D663-1733-431E-8EE8-C3F7C4E5ABA9}.Release|Any CPU.ActiveCfg = Release|Any CPU
		{E854D663-1733-431E-8EE8-C3F7C4E5ABA9}.Release|Any CPU.Build.0 = Release|Any CPU
	EndGlobalSection
	GlobalSection(SolutionProperties) = preSolution
		HideSolutionNode = FALSE
	EndGlobalSection
EndGlobal
